// !$*UTF8*$!
{
	archiveVersion = 1;
	classes = {
	};
	objectVersion = 50;
	objects = {

/* Begin PBXBuildFile section */
		DAEA25D22204DB810009D1D3 /* AppDelegate.swift in Sources */ = {isa = PBXBuildFile; fileRef = DAEA25D12204DB810009D1D3 /* AppDelegate.swift */; };
		DAEA25D72204DB810009D1D3 /* Main.storyboard in Resources */ = {isa = PBXBuildFile; fileRef = DAEA25D52204DB810009D1D3 /* Main.storyboard */; };
		DAEA25D92204DB860009D1D3 /* Assets.xcassets in Resources */ = {isa = PBXBuildFile; fileRef = DAEA25D82204DB860009D1D3 /* Assets.xcassets */; };
		DAEA25DC2204DB860009D1D3 /* LaunchScreen.storyboard in Resources */ = {isa = PBXBuildFile; fileRef = DAEA25DA2204DB860009D1D3 /* LaunchScreen.storyboard */; };
		DAEA25E52204DF610009D1D3 /* Board.swift in Sources */ = {isa = PBXBuildFile; fileRef = DAEA25E42204DF610009D1D3 /* Board.swift */; };
		DAEA25E82204E3940009D1D3 /* BoardCollectionViewCell.swift in Sources */ = {isa = PBXBuildFile; fileRef = DAEA25E72204E3940009D1D3 /* BoardCollectionViewCell.swift */; };
/* End PBXBuildFile section */

/* Begin PBXFileReference section */
		DAEA25CE2204DB810009D1D3 /* Drag&Drop Demo.app */ = {isa = PBXFileReference; explicitFileType = wrapper.application; includeInIndex = 0; path = "Drag&Drop Demo.app"; sourceTree = BUILT_PRODUCTS_DIR; };
		DAEA25D12204DB810009D1D3 /* AppDelegate.swift */ = {isa = PBXFileReference; lastKnownFileType = sourcecode.swift; path = AppDelegate.swift; sourceTree = "<group>"; };
		DAEA25D62204DB810009D1D3 /* Base */ = {isa = PBXFileReference; lastKnownFileType = file.storyboard; name = Base; path = Base.lproj/Main.storyboard; sourceTree = "<group>"; };
		DAEA25D82204DB860009D1D3 /* Assets.xcassets */ = {isa = PBXFileReference; lastKnownFileType = folder.assetcatalog; path = Assets.xcassets; sourceTree = "<group>"; };
		DAEA25DB2204DB860009D1D3 /* Base */ = {isa = PBXFileReference; lastKnownFileType = file.storyboard; name = Base; path = Base.lproj/LaunchScreen.storyboard; sourceTree = "<group>"; };
		DAEA25DD2204DB860009D1D3 /* Info.plist */ = {isa = PBXFileReference; lastKnownFileType = text.plist.xml; path = Info.plist; sourceTree = "<group>"; };
		DAEA25E42204DF610009D1D3 /* Board.swift */ = {isa = PBXFileReference; lastKnownFileType = sourcecode.swift; path = Board.swift; sourceTree = "<group>"; };
		DAEA25E72204E3940009D1D3 /* BoardCollectionViewCell.swift */ = {isa = PBXFileReference; lastKnownFileType = sourcecode.swift; path = BoardCollectionViewCell.swift; sourceTree = "<group>"; };
/* End PBXFileReference section */

/* Begin PBXFrameworksBuildPhase section */
		DAEA25CB2204DB810009D1D3 /* Frameworks */ = {
			isa = PBXFrameworksBuildPhase;
			buildActionMask = 2147483647;
			files = (
			);
			runOnlyForDeploymentPostprocessing = 0;
		};
/* End PBXFrameworksBuildPhase section */

/* Begin PBXGroup section */
		DAEA25C52204DB810009D1D3 = {
			isa = PBXGroup;
			children = (
				DAEA25D02204DB810009D1D3 /* Drag&Drop Demo */,
				DAEA25CF2204DB810009D1D3 /* Products */,
			);
			sourceTree = "<group>";
		};
		DAEA25CF2204DB810009D1D3 /* Products */ = {
			isa = PBXGroup;
			children = (
				DAEA25CE2204DB810009D1D3 /* Drag&Drop Demo.app */,
			);
			name = Products;
			sourceTree = "<group>";
		};
		DAEA25D02204DB810009D1D3 /* Drag&Drop Demo */ = {
			isa = PBXGroup;
			children = (
				DAEA25E62204E37E0009D1D3 /* View */,
				DAEA25E32204DF460009D1D3 /* Model */,
				DAEA25D12204DB810009D1D3 /* AppDelegate.swift */,
				DAEA25D52204DB810009D1D3 /* Main.storyboard */,
				DAEA25D82204DB860009D1D3 /* Assets.xcassets */,
				DAEA25DA2204DB860009D1D3 /* LaunchScreen.storyboard */,
				DAEA25DD2204DB860009D1D3 /* Info.plist */,
			);
			path = "Drag&Drop Demo";
			sourceTree = "<group>";
		};
		DAEA25E32204DF460009D1D3 /* Model */ = {
			isa = PBXGroup;
			children = (
				DAEA25E42204DF610009D1D3 /* Board.swift */,
			);
			path = Model;
			sourceTree = "<group>";
		};
		DAEA25E62204E37E0009D1D3 /* View */ = {
			isa = PBXGroup;
			children = (
				DAEA25E72204E3940009D1D3 /* BoardCollectionViewCell.swift */,
			);
			path = View;
			sourceTree = "<group>";
		};
/* End PBXGroup section */

/* Begin PBXNativeTarget section */
		DAEA25CD2204DB810009D1D3 /* Drag&Drop Demo */ = {
			isa = PBXNativeTarget;
			buildConfigurationList = DAEA25E02204DB860009D1D3 /* Build configuration list for PBXNativeTarget "Drag&Drop Demo" */;
			buildPhases = (
				DAEA25CA2204DB810009D1D3 /* Sources */,
				DAEA25CB2204DB810009D1D3 /* Frameworks */,
				DAEA25CC2204DB810009D1D3 /* Resources */,
			);
			buildRules = (
			);
			dependencies = (
			);
			name = "Drag&Drop Demo";
			productName = "Drag&Drop Demo";
			productReference = DAEA25CE2204DB810009D1D3 /* Drag&Drop Demo.app */;
			productType = "com.apple.product-type.application";
		};
/* End PBXNativeTarget section */

/* Begin PBXProject section */
		DAEA25C62204DB810009D1D3 /* Project object */ = {
			isa = PBXProject;
			attributes = {
				LastSwiftUpdateCheck = 1010;
				LastUpgradeCheck = 1010;
				ORGANIZATIONNAME = "Rohit Negi";
				TargetAttributes = {
					DAEA25CD2204DB810009D1D3 = {
						CreatedOnToolsVersion = 10.1;
					};
				};
			};
			buildConfigurationList = DAEA25C92204DB810009D1D3 /* Build configuration list for PBXProject "Drag&Drop Demo" */;
			compatibilityVersion = "Xcode 9.3";
			developmentRegion = en;
			hasScannedForEncodings = 0;
			knownRegions = (
				en,
				Base,
			);
			mainGroup = DAEA25C52204DB810009D1D3;
			productRefGroup = DAEA25CF2204DB810009D1D3 /* Products */;
			projectDirPath = "";
			projectRoot = "";
			targets = (
				DAEA25CD2204DB810009D1D3 /* Drag&Drop Demo */,
			);
		};
/* End PBXProject section */

/* Begin PBXResourcesBuildPhase section */
		DAEA25CC2204DB810009D1D3 /* Resources */ = {
			isa = PBXResourcesBuildPhase;
			buildActionMask = 2147483647;
			files = (
				DAEA25DC2204DB860009D1D3 /* LaunchScreen.storyboard in Resources */,
				DAEA25D92204DB860009D1D3 /* Assets.xcassets in Resources */,
				DAEA25D72204DB810009D1D3 /* Main.storyboard in Resources */,
			);
			runOnlyForDeploymentPostprocessing = 0;
		};
/* End PBXResourcesBuildPhase section */

/* Begin PBXSourcesBuildPhase section */
		DAEA25CA2204DB810009D1D3 /* Sources */ = {
			isa = PBXSourcesBuildPhase;
			buildActionMask = 2147483647;
			files = (
				DAEA25E52204DF610009D1D3 /* Board.swift in Sources */,
				DAEA25D22204DB810009D1D3 /* AppDelegate.swift in Sources */,
				DAEA25E82204E3940009D1D3 /* BoardCollectionViewCell.swift in Sources */,
			);
			runOnlyForDeploymentPostprocessing = 0;
		};
/* End PBXSourcesBuildPhase section */

/* Begin PBXVariantGroup section */
		DAEA25D52204DB810009D1D3 /* Main.storyboard */ = {
			isa = PBXVariantGroup;
			children = (
				DAEA25D62204DB810009D1D3 /* Base */,
			);
			name = Main.storyboard;
			sourceTree = "<group>";
		};
		DAEA25DA2204DB860009D1D3 /* LaunchScreen.storyboard */ = {
			isa = PBXVariantGroup;
			children = (
				DAEA25DB2204DB860009D1D3 /* Base */,
			);
			name = LaunchScreen.storyboard;
			sourceTree = "<group>";
		};
/* End PBXVariantGroup section */

/* Begin XCBuildConfiguration section */
		DAEA25DE2204DB860009D1D3 /* Debug */ = {
			isa = XCBuildConfiguration;
			buildSettings = {
				ALWAYS_SEARCH_USER_PATHS = NO;
				CLANG_ANALYZER_NONNULL = YES;
				CLANG_ANALYZER_NUMBER_OBJECT_CONVERSION = YES_AGGRESSIVE;
				CLANG_CXX_LANGUAGE_STANDARD = "gnu++14";
				CLANG_CXX_LIBRARY = "libc++";
				CLANG_ENABLE_MODULES = YES;
				CLANG_ENABLE_OBJC_ARC = YES;
				CLANG_ENABLE_OBJC_WEAK = YES;
				CLANG_WARN_BLOCK_CAPTURE_AUTORELEASING = YES;
				CLANG_WARN_BOOL_CONVERSION = YES;
				CLANG_WARN_COMMA = YES;
				CLANG_WARN_CONSTANT_CONVERSION = YES;
				CLANG_WARN_DEPRECATED_OBJC_IMPLEMENTATIONS = YES;
				CLANG_WARN_DIRECT_OBJC_ISA_USAGE = YES_ERROR;
				CLANG_WARN_DOCUMENTATION_COMMENTS = YES;
				CLANG_WARN_EMPTY_BODY = YES;
				CLANG_WARN_ENUM_CONVERSION = YES;
				CLANG_WARN_INFINITE_RECURSION = YES;
				CLANG_WARN_INT_CONVERSION = YES;
				CLANG_WARN_NON_LITERAL_NULL_CONVERSION = YES;
				CLANG_WARN_OBJC_IMPLICIT_RETAIN_SELF = YES;
				CLANG_WARN_OBJC_LITERAL_CONVERSION = YES;
				CLANG_WARN_OBJC_ROOT_CLASS = YES_ERROR;
				CLANG_WARN_RANGE_LOOP_ANALYSIS = YES;
				CLANG_WARN_STRICT_PROTOTYPES = YES;
				CLANG_WARN_SUSPICIOUS_MOVE = YES;
				CLANG_WARN_UNGUARDED_AVAILABILITY = YES_AGGRESSIVE;
				CLANG_WARN_UNREACHABLE_CODE = YES;
				CLANG_WARN__DUPLICATE_METHOD_MATCH = YES;
				CODE_SIGN_IDENTITY = "iPhone Developer";
				COPY_PHASE_STRIP = NO;
				DEBUG_INFORMATION_FORMAT = dwarf;
				ENABLE_STRICT_OBJC_MSGSEND = YES;
				ENABLE_TESTABILITY = YES;
				GCC_C_LANGUAGE_STANDARD = gnu11;
				GCC_DYNAMIC_NO_PIC = NO;
				GCC_NO_COMMON_BLOCKS = YES;
				GCC_OPTIMIZATION_LEVEL = 0;
				GCC_PREPROCESSOR_DEFINITIONS = (
					"DEBUG=1",
					"$(inherited)",
				);
				GCC_WARN_64_TO_32_BIT_CONVERSION = YES;
				GCC_WARN_ABOUT_RETURN_TYPE = YES_ERROR;
				GCC_WARN_UNDECLARED_SELECTOR = YES;
				GCC_WARN_UNINITIALIZED_AUTOS = YES_AGGRESSIVE;
				GCC_WARN_UNUSED_FUNCTION = YES;
				GCC_WARN_UNUSED_VARIABLE = YES;
				IPHONEOS_DEPLOYMENT_TARGET = 12.1;
				MTL_ENABLE_DEBUG_INFO = INCLUDE_SOURCE;
				MTL_FAST_MATH = YES;
				ONLY_ACTIVE_ARCH = YES;
				SDKROOT = iphoneos;
				SWIFT_ACTIVE_COMPILATION_CONDITIONS = DEBUG;
				SWIFT_OPTIMIZATION_LEVEL = "-Onone";
			};
			name = Debug;
		};
		DAEA25DF2204DB860009D1D3 /* Release */ = {
			isa = XCBuildConfiguration;
			buildSettings = {
				ALWAYS_SEARCH_USER_PATHS = NO;
				CLANG_ANALYZER_NONNULL = YES;
				CLANG_ANALYZER_NUMBER_OBJECT_CONVERSION = YES_AGGRESSIVE;
				CLANG_CXX_LANGUAGE_STANDARD = "gnu++14";
				CLANG_CXX_LIBRARY = "libc++";
				CLANG_ENABLE_MODULES = YES;
				CLANG_ENABLE_OBJC_ARC = YES;
				CLANG_ENABLE_OBJC_WEAK = YES;
				CLANG_WARN_BLOCK_CAPTURE_AUTORELEASING = YES;
				CLANG_WARN_BOOL_CONVERSION = YES;
				CLANG_WARN_COMMA = YES;
				CLANG_WARN_CONSTANT_CONVERSION = YES;
				CLANG_WARN_DEPRECATED_OBJC_IMPLEMENTATIONS = YES;
				CLANG_WARN_DIRECT_OBJC_ISA_USAGE = YES_ERROR;
				CLANG_WARN_DOCUMENTATION_COMMENTS = YES;
				CLANG_WARN_EMPTY_BODY = YES;
				CLANG_WARN_ENUM_CONVERSION = YES;
				CLANG_WARN_INFINITE_RECURSION = YES;
				CLANG_WARN_INT_CONVERSION = YES;
				CLANG_WARN_NON_LITERAL_NULL_CONVERSION = YES;
				CLANG_WARN_OBJC_IMPLICIT_RETAIN_SELF = YES;
				CLANG_WARN_OBJC_LITERAL_CONVERSION = YES;
				CLANG_WARN_OBJC_ROOT_CLASS = YES_ERROR;
				CLANG_WARN_RANGE_LOOP_ANALYSIS = YES;
				CLANG_WARN_STRICT_PROTOTYPES = YES;
				CLANG_WARN_SUSPICIOUS_MOVE = YES;
				CLANG_WARN_UNGUARDED_AVAILABILITY = YES_AGGRESSIVE;
				CLANG_WARN_UNREACHABLE_CODE = YES;
				CLANG_WARN__DUPLICATE_METHOD_MATCH = YES;
				CODE_SIGN_IDENTITY = "iPhone Developer";
				COPY_PHASE_STRIP = NO;
				DEBUG_INFORMATION_FORMAT = "dwarf-with-dsym";
				ENABLE_NS_ASSERTIONS = NO;
				ENABLE_STRICT_OBJC_MSGSEND = YES;
				GCC_C_LANGUAGE_STANDARD = gnu11;
				GCC_NO_COMMON_BLOCKS = YES;
				GCC_WARN_64_TO_32_BIT_CONVERSION = YES;
				GCC_WARN_ABOUT_RETURN_TYPE = YES_ERROR;
				GCC_WARN_UNDECLARED_SELECTOR = YES;
				GCC_WARN_UNINITIALIZED_AUTOS = YES_AGGRESSIVE;
				GCC_WARN_UNUSED_FUNCTION = YES;
				GCC_WARN_UNUSED_VARIABLE = YES;
				IPHONEOS_DEPLOYMENT_TARGET = 12.1;
				MTL_ENABLE_DEBUG_INFO = NO;
				MTL_FAST_MATH = YES;
				SDKROOT = iphoneos;
				SWIFT_COMPILATION_MODE = wholemodule;
				SWIFT_OPTIMIZATION_LEVEL = "-O";
				VALIDATE_PRODUCT = YES;
			};
			name = Release;
		};
		DAEA25E12204DB860009D1D3 /* Debug */ = {
			isa = XCBuildConfiguration;
			buildSettings = {
				ASSETCATALOG_COMPILER_APPICON_NAME = AppIcon;
				CODE_SIGN_STYLE = Automatic;
				DEVELOPMENT_TEAM = 744F62F69P;
				INFOPLIST_FILE = "Drag&Drop Demo/Info.plist";
				LD_RUNPATH_SEARCH_PATHS = (
					"$(inherited)",
					"@executable_path/Frameworks",
				);
				PRODUCT_BUNDLE_IDENTIFIER = "rohit.negi.Drag-Drop-Demo";
				PRODUCT_NAME = "$(TARGET_NAME)";
				SWIFT_VERSION = 4.2;
				TARGETED_DEVICE_FAMILY = "1,2";
			};
			name = Debug;
		};
		DAEA25E22204DB860009D1D3 /* Release */ = {
			isa = XCBuildConfiguration;
			buildSettings = {
				ASSETCATALOG_COMPILER_APPICON_NAME = AppIcon;
				CODE_SIGN_STYLE = Automatic;
				DEVELOPMENT_TEAM = 744F62F69P;
				INFOPLIST_FILE = "Drag&Drop Demo/Info.plist";
				LD_RUNPATH_SEARCH_PATHS = (
					"$(inherited)",
					"@executable_path/Frameworks",
				);
				PRODUCT_BUNDLE_IDENTIFIER = "rohit.negi.Drag-Drop-Demo";
				PRODUCT_NAME = "$(TARGET_NAME)";
				SWIFT_VERSION = 4.2;
				TARGETED_DEVICE_FAMILY = "1,2";
			};
			name = Release;
		};
/* End XCBuildConfiguration section */

/* Begin XCConfigurationList section */
		DAEA25C92204DB810009D1D3 /* Build configuration list for PBXProject "Drag&Drop Demo" */ = {
			isa = XCConfigurationList;
			buildConfigurations = (
				DAEA25DE2204DB860009D1D3 /* Debug */,
				DAEA25DF2204DB860009D1D3 /* Release */,
			);
			defaultConfigurationIsVisible = 0;
			defaultConfigurationName = Release;
		};
		DAEA25E02204DB860009D1D3 /* Build configuration list for PBXNativeTarget "Drag&Drop Demo" */ = {
			isa = XCConfigurationList;
			buildConfigurations = (
				DAEA25E12204DB860009D1D3 /* Debug */,
				DAEA25E22204DB860009D1D3 /* Release */,
			);
			defaultConfigurationIsVisible = 0;
			defaultConfigurationName = Release;
		};
/* End XCConfigurationList section */
	};
	rootObject = DAEA25C62204DB810009D1D3 /* Project object */;
}
